// !$*UTF8*$!
{
	archiveVersion = 1;
	classes = {
	};
	objectVersion = 50;
	objects = {

/* Begin PBXBuildFile section */
		015093A520DB34560082FEEA /* AppDelegate.swift in Sources */ = {isa = PBXBuildFile; fileRef = 015093A420DB34560082FEEA /* AppDelegate.swift */; };
		015093A720DB34560082FEEA /* ViewController.swift in Sources */ = {isa = PBXBuildFile; fileRef = 015093A620DB34560082FEEA /* ViewController.swift */; };
		015093AA20DB34560082FEEA /* Main.storyboard in Resources */ = {isa = PBXBuildFile; fileRef = 015093A820DB34560082FEEA /* Main.storyboard */; };
		015093AC20DB34570082FEEA /* Assets.xcassets in Resources */ = {isa = PBXBuildFile; fileRef = 015093AB20DB34570082FEEA /* Assets.xcassets */; };
		015093AF20DB34570082FEEA /* LaunchScreen.storyboard in Resources */ = {isa = PBXBuildFile; fileRef = 015093AD20DB34570082FEEA /* LaunchScreen.storyboard */; };
		015093B720DB39820082FEEA /* Contact.swift in Sources */ = {isa = PBXBuildFile; fileRef = 015093B620DB39820082FEEA /* Contact.swift */; };
		015093B920DB3A220082FEEA /* ContactsManager.swift in Sources */ = {isa = PBXBuildFile; fileRef = 015093B820DB3A220082FEEA /* ContactsManager.swift */; };
/* End PBXBuildFile section */

/* Begin PBXFileReference section */
		015093A120DB34560082FEEA /* Friends.app */ = {isa = PBXFileReference; explicitFileType = wrapper.application; includeInIndex = 0; path = Friends.app; sourceTree = BUILT_PRODUCTS_DIR; };
		015093A420DB34560082FEEA /* AppDelegate.swift */ = {isa = PBXFileReference; lastKnownFileType = sourcecode.swift; path = AppDelegate.swift; sourceTree = "<group>"; };
		015093A620DB34560082FEEA /* ViewController.swift */ = {isa = PBXFileReference; lastKnownFileType = sourcecode.swift; path = ViewController.swift; sourceTree = "<group>"; };
		015093A920DB34560082FEEA /* Base */ = {isa = PBXFileReference; lastKnownFileType = file.storyboard; name = Base; path = Base.lproj/Main.storyboard; sourceTree = "<group>"; };
		015093AB20DB34570082FEEA /* Assets.xcassets */ = {isa = PBXFileReference; lastKnownFileType = folder.assetcatalog; path = Assets.xcassets; sourceTree = "<group>"; };
		015093AE20DB34570082FEEA /* Base */ = {isa = PBXFileReference; lastKnownFileType = file.storyboard; name = Base; path = Base.lproj/LaunchScreen.storyboard; sourceTree = "<group>"; };
		015093B020DB34570082FEEA /* Info.plist */ = {isa = PBXFileReference; lastKnownFileType = text.plist.xml; path = Info.plist; sourceTree = "<group>"; };
		015093B620DB39820082FEEA /* Contact.swift */ = {isa = PBXFileReference; lastKnownFileType = sourcecode.swift; path = Contact.swift; sourceTree = "<group>"; };
		015093B820DB3A220082FEEA /* ContactsManager.swift */ = {isa = PBXFileReference; lastKnownFileType = sourcecode.swift; path = ContactsManager.swift; sourceTree = "<group>"; };
		015093BA20DB53630082FEEA /* Test.playground */ = {isa = PBXFileReference; lastKnownFileType = file.playground; name = Test.playground; path = ../../../Test.playground; sourceTree = "<group>"; xcLanguageSpecificationIdentifier = xcode.lang.swift; };
/* End PBXFileReference section */

/* Begin PBXFrameworksBuildPhase section */
		0150939E20DB34560082FEEA /* Frameworks */ = {
			isa = PBXFrameworksBuildPhase;
			buildActionMask = 2147483647;
			files = (
			);
			runOnlyForDeploymentPostprocessing = 0;
		};
/* End PBXFrameworksBuildPhase section */

/* Begin PBXGroup section */
		0150939820DB34550082FEEA = {
			isa = PBXGroup;
			children = (
				015093A320DB34560082FEEA /* Friends */,
				015093A220DB34560082FEEA /* Products */,
			);
			sourceTree = "<group>";
		};
		015093A220DB34560082FEEA /* Products */ = {
			isa = PBXGroup;
			children = (
				015093A120DB34560082FEEA /* Friends.app */,
			);
			name = Products;
			sourceTree = "<group>";
		};
		015093A320DB34560082FEEA /* Friends */ = {
			isa = PBXGroup;
			children = (
				015093A420DB34560082FEEA /* AppDelegate.swift */,
				015093A620DB34560082FEEA /* ViewController.swift */,
				015093A820DB34560082FEEA /* Main.storyboard */,
				015093B620DB39820082FEEA /* Contact.swift */,
				015093B820DB3A220082FEEA /* ContactsManager.swift */,
				015093BA20DB53630082FEEA /* Test.playground */,
				015093AB20DB34570082FEEA /* Assets.xcassets */,
				015093AD20DB34570082FEEA /* LaunchScreen.storyboard */,
				015093B020DB34570082FEEA /* Info.plist */,
			);
			path = Friends;
			sourceTree = "<group>";
		};
/* End PBXGroup section */

/* Begin PBXNativeTarget section */
		015093A020DB34560082FEEA /* Friends */ = {
			isa = PBXNativeTarget;
			buildConfigurationList = 015093B320DB34570082FEEA /* Build configuration list for PBXNativeTarget "Friends" */;
			buildPhases = (
				0150939D20DB34560082FEEA /* Sources */,
				0150939E20DB34560082FEEA /* Frameworks */,
				0150939F20DB34560082FEEA /* Resources */,
			);
			buildRules = (
			);
			dependencies = (
			);
			name = Friends;
			productName = Friends;
			productReference = 015093A120DB34560082FEEA /* Friends.app */;
			productType = "com.apple.product-type.application";
		};
/* End PBXNativeTarget section */

/* Begin PBXProject section */
		0150939920DB34560082FEEA /* Project object */ = {
			isa = PBXProject;
			attributes = {
				LastSwiftUpdateCheck = 1000;
				LastUpgradeCheck = 1000;
				ORGANIZATIONNAME = "Frank Faustino";
				TargetAttributes = {
					015093A020DB34560082FEEA = {
						CreatedOnToolsVersion = 10.0;
					};
				};
			};
			buildConfigurationList = 0150939C20DB34560082FEEA /* Build configuration list for PBXProject "Friends" */;
			compatibilityVersion = "Xcode 9.3";
			developmentRegion = en;
			hasScannedForEncodings = 0;
			knownRegions = (
				en,
				Base,
			);
			mainGroup = 0150939820DB34550082FEEA;
			productRefGroup = 015093A220DB34560082FEEA /* Products */;
			projectDirPath = "";
			projectRoot = "";
			targets = (
				015093A020DB34560082FEEA /* Friends */,
			);
		};
/* End PBXProject section */

/* Begin PBXResourcesBuildPhase section */
		0150939F20DB34560082FEEA /* Resources */ = {
			isa = PBXResourcesBuildPhase;
			buildActionMask = 2147483647;
			files = (
				015093AF20DB34570082FEEA /* LaunchScreen.storyboard in Resources */,
				015093AC20DB34570082FEEA /* Assets.xcassets in Resources */,
				015093AA20DB34560082FEEA /* Main.storyboard in Resources */,
			);
			runOnlyForDeploymentPostprocessing = 0;
		};
/* End PBXResourcesBuildPhase section */

/* Begin PBXSourcesBuildPhase section */
		0150939D20DB34560082FEEA /* Sources */ = {
			isa = PBXSourcesBuildPhase;
			buildActionMask = 2147483647;
			files = (
				015093B720DB39820082FEEA /* Contact.swift in Sources */,
				015093A720DB34560082FEEA /* ViewController.swift in Sources */,
				015093B920DB3A220082FEEA /* ContactsManager.swift in Sources */,
				015093A520DB34560082FEEA /* AppDelegate.swift in Sources */,
			);
			runOnlyForDeploymentPostprocessing = 0;
		};
/* End PBXSourcesBuildPhase section */

/* Begin PBXVariantGroup section */
		015093A820DB34560082FEEA /* Main.storyboard */ = {
			isa = PBXVariantGroup;
			children = (
				015093A920DB34560082FEEA /* Base */,
			);
			name = Main.storyboard;
			sourceTree = "<group>";
		};
		015093AD20DB34570082FEEA /* LaunchScreen.storyboard */ = {
			isa = PBXVariantGroup;
			children = (
				015093AE20DB34570082FEEA /* Base */,
			);
			name = LaunchScreen.storyboard;
			sourceTree = "<group>";
		};
/* End PBXVariantGroup section */

/* Begin XCBuildConfiguration section */
		015093B120DB34570082FEEA /* Debug */ = {
			isa = XCBuildConfiguration;
			buildSettings = {
				ALWAYS_SEARCH_USER_PATHS = NO;
				CLANG_ANALYZER_NONNULL = YES;
				CLANG_ANALYZER_NUMBER_OBJECT_CONVERSION = YES_AGGRESSIVE;
				CLANG_CXX_LANGUAGE_STANDARD = "gnu++14";
				CLANG_CXX_LIBRARY = "libc++";
				CLANG_ENABLE_MODULES = YES;
				CLANG_ENABLE_OBJC_ARC = YES;
				CLANG_ENABLE_OBJC_WEAK = YES;
				CLANG_WARN_BLOCK_CAPTURE_AUTORELEASING = YES;
				CLANG_WARN_BOOL_CONVERSION = YES;
				CLANG_WARN_COMMA = YES;
				CLANG_WARN_CONSTANT_CONVERSION = YES;
				CLANG_WARN_DEPRECATED_OBJC_IMPLEMENTATIONS = YES;
				CLANG_WARN_DIRECT_OBJC_ISA_USAGE = YES_ERROR;
				CLANG_WARN_DOCUMENTATION_COMMENTS = YES;
				CLANG_WARN_EMPTY_BODY = YES;
				CLANG_WARN_ENUM_CONVERSION = YES;
				CLANG_WARN_INFINITE_RECURSION = YES;
				CLANG_WARN_INT_CONVERSION = YES;
				CLANG_WARN_NON_LITERAL_NULL_CONVERSION = YES;
				CLANG_WARN_OBJC_IMPLICIT_RETAIN_SELF = YES;
				CLANG_WARN_OBJC_LITERAL_CONVERSION = YES;
				CLANG_WARN_OBJC_ROOT_CLASS = YES_ERROR;
				CLANG_WARN_RANGE_LOOP_ANALYSIS = YES;
				CLANG_WARN_STRICT_PROTOTYPES = YES;
				CLANG_WARN_SUSPICIOUS_MOVE = YES;
				CLANG_WARN_UNGUARDED_AVAILABILITY = YES_AGGRESSIVE;
				CLANG_WARN_UNREACHABLE_CODE = YES;
				CLANG_WARN__DUPLICATE_METHOD_MATCH = YES;
				CODE_SIGN_IDENTITY = "iPhone Developer";
				COPY_PHASE_STRIP = NO;
				DEBUG_INFORMATION_FORMAT = dwarf;
				ENABLE_STRICT_OBJC_MSGSEND = YES;
				ENABLE_TESTABILITY = YES;
				GCC_C_LANGUAGE_STANDARD = gnu11;
				GCC_DYNAMIC_NO_PIC = NO;
				GCC_NO_COMMON_BLOCKS = YES;
				GCC_OPTIMIZATION_LEVEL = 0;
				GCC_PREPROCESSOR_DEFINITIONS = (
					"DEBUG=1",
					"$(inherited)",
				);
				GCC_WARN_64_TO_32_BIT_CONVERSION = YES;
				GCC_WARN_ABOUT_RETURN_TYPE = YES_ERROR;
				GCC_WARN_UNDECLARED_SELECTOR = YES;
				GCC_WARN_UNINITIALIZED_AUTOS = YES_AGGRESSIVE;
				GCC_WARN_UNUSED_FUNCTION = YES;
				GCC_WARN_UNUSED_VARIABLE = YES;
				IPHONEOS_DEPLOYMENT_TARGET = 12.0;
				MTL_ENABLE_DEBUG_INFO = INCLUDE_SOURCE;
				ONLY_ACTIVE_ARCH = YES;
				SDKROOT = iphoneos;
				SWIFT_ACTIVE_COMPILATION_CONDITIONS = DEBUG;
				SWIFT_OPTIMIZATION_LEVEL = "-Onone";
			};
			name = Debug;
		};
		015093B220DB34570082FEEA /* Release */ = {
			isa = XCBuildConfiguration;
			buildSettings = {
				ALWAYS_SEARCH_USER_PATHS = NO;
				CLANG_ANALYZER_NONNULL = YES;
				CLANG_ANALYZER_NUMBER_OBJECT_CONVERSION = YES_AGGRESSIVE;
				CLANG_CXX_LANGUAGE_STANDARD = "gnu++14";
				CLANG_CXX_LIBRARY = "libc++";
				CLANG_ENABLE_MODULES = YES;
				CLANG_ENABLE_OBJC_ARC = YES;
				CLANG_ENABLE_OBJC_WEAK = YES;
				CLANG_WARN_BLOCK_CAPTURE_AUTORELEASING = YES;
				CLANG_WARN_BOOL_CONVERSION = YES;
				CLANG_WARN_COMMA = YES;
				CLANG_WARN_CONSTANT_CONVERSION = YES;
				CLANG_WARN_DEPRECATED_OBJC_IMPLEMENTATIONS = YES;
				CLANG_WARN_DIRECT_OBJC_ISA_USAGE = YES_ERROR;
				CLANG_WARN_DOCUMENTATION_COMMENTS = YES;
				CLANG_WARN_EMPTY_BODY = YES;
				CLANG_WARN_ENUM_CONVERSION = YES;
				CLANG_WARN_INFINITE_RECURSION = YES;
				CLANG_WARN_INT_CONVERSION = YES;
				CLANG_WARN_NON_LITERAL_NULL_CONVERSION = YES;
				CLANG_WARN_OBJC_IMPLICIT_RETAIN_SELF = YES;
				CLANG_WARN_OBJC_LITERAL_CONVERSION = YES;
				CLANG_WARN_OBJC_ROOT_CLASS = YES_ERROR;
				CLANG_WARN_RANGE_LOOP_ANALYSIS = YES;
				CLANG_WARN_STRICT_PROTOTYPES = YES;
				CLANG_WARN_SUSPICIOUS_MOVE = YES;
				CLANG_WARN_UNGUARDED_AVAILABILITY = YES_AGGRESSIVE;
				CLANG_WARN_UNREACHABLE_CODE = YES;
				CLANG_WARN__DUPLICATE_METHOD_MATCH = YES;
				CODE_SIGN_IDENTITY = "iPhone Developer";
				COPY_PHASE_STRIP = NO;
				DEBUG_INFORMATION_FORMAT = "dwarf-with-dsym";
				ENABLE_NS_ASSERTIONS = NO;
				ENABLE_STRICT_OBJC_MSGSEND = YES;
				GCC_C_LANGUAGE_STANDARD = gnu11;
				GCC_NO_COMMON_BLOCKS = YES;
				GCC_WARN_64_TO_32_BIT_CONVERSION = YES;
				GCC_WARN_ABOUT_RETURN_TYPE = YES_ERROR;
				GCC_WARN_UNDECLARED_SELECTOR = YES;
				GCC_WARN_UNINITIALIZED_AUTOS = YES_AGGRESSIVE;
				GCC_WARN_UNUSED_FUNCTION = YES;
				GCC_WARN_UNUSED_VARIABLE = YES;
				IPHONEOS_DEPLOYMENT_TARGET = 12.0;
				MTL_ENABLE_DEBUG_INFO = NO;
				SDKROOT = iphoneos;
				SWIFT_COMPILATION_MODE = wholemodule;
				SWIFT_OPTIMIZATION_LEVEL = "-O";
				VALIDATE_PRODUCT = YES;
			};
			name = Release;
		};
		015093B420DB34570082FEEA /* Debug */ = {
			isa = XCBuildConfiguration;
			buildSettings = {
				ASSETCATALOG_COMPILER_APPICON_NAME = AppIcon;
				CODE_SIGN_STYLE = Automatic;
				DEVELOPMENT_TEAM = P8DTEEH37N;
				INFOPLIST_FILE = Friends/Info.plist;
				LD_RUNPATH_SEARCH_PATHS = (
					"$(inherited)",
					"@executable_path/Frameworks",
				);
				PRODUCT_BUNDLE_IDENTIFIER = com.frank.Friends;
				PRODUCT_NAME = "$(TARGET_NAME)";
				SWIFT_VERSION = 4.2;
				TARGETED_DEVICE_FAMILY = "1,2";
			};
			name = Debug;
		};
		015093B520DB34570082FEEA /* Release */ = {
			isa = XCBuildConfiguration;
			buildSettings = {
				ASSETCATALOG_COMPILER_APPICON_NAME = AppIcon;
				CODE_SIGN_STYLE = Automatic;
				DEVELOPMENT_TEAM = P8DTEEH37N;
				INFOPLIST_FILE = Friends/Info.plist;
				LD_RUNPATH_SEARCH_PATHS = (
					"$(inherited)",
					"@executable_path/Frameworks",
				);
				PRODUCT_BUNDLE_IDENTIFIER = com.frank.Friends;
				PRODUCT_NAME = "$(TARGET_NAME)";
				SWIFT_VERSION = 4.2;
				TARGETED_DEVICE_FAMILY = "1,2";
			};
			name = Release;
		};
/* End XCBuildConfiguration section */

/* Begin XCConfigurationList section */
		0150939C20DB34560082FEEA /* Build configuration list for PBXProject "Friends" */ = {
			isa = XCConfigurationList;
			buildConfigurations = (
				015093B120DB34570082FEEA /* Debug */,
				015093B220DB34570082FEEA /* Release */,
			);
			defaultConfigurationIsVisible = 0;
			defaultConfigurationName = Release;
		};
		015093B320DB34570082FEEA /* Build configuration list for PBXNativeTarget "Friends" */ = {
			isa = XCConfigurationList;
			buildConfigurations = (
				015093B420DB34570082FEEA /* Debug */,
				015093B520DB34570082FEEA /* Release */,
			);
			defaultConfigurationIsVisible = 0;
			defaultConfigurationName = Release;
		};
/* End XCConfigurationList section */
	};
	rootObject = 0150939920DB34560082FEEA /* Project object */;
}
